
Microsoft Visual Studio Solution File, Format Version 12.00
# Visual Studio Version 17
VisualStudioVersion = 17.10.35122.118
MinimumVisualStudioVersion = 10.0.40219.1
Project("{FAE04EC0-301F-11D3-BF4B-00C04F79EFBC}") = "GUI", "QUẢN LÝ SINH VIÊN _ TỰ LÀM\GUI.csproj", "{82FC3CEA-13A7-4C71-ABF2-A1EB4DC1D07F}"
	ProjectSection(ProjectDependencies) = postProject
		{00E35C34-0BAB-46ED-93B1-249E76A194BC} = {00E35C34-0BAB-46ED-93B1-249E76A194BC}
		{E1B0BC4B-A062-4A9E-9318-44F6CB6742E6} = {E1B0BC4B-A062-4A9E-9318-44F6CB6742E6}
	EndProjectSection
EndProject
Project("{FAE04EC0-301F-11D3-BF4B-00C04F79EFBC}") = "DTO", "DTO\DTO.csproj", "{F35516BE-BD4B-4505-B34A-BC6141713606}"
EndProject
Project("{FAE04EC0-301F-11D3-BF4B-00C04F79EFBC}") = "DAL", "DAL\DAL.csproj", "{656C4148-8361-4D72-BDBD-CC6671845A1F}"
EndProject
Project("{FAE04EC0-301F-11D3-BF4B-00C04F79EFBC}") = "BUS", "BUS\BUS.csproj", "{A0878267-EA58-41BA-8658-486B45DAB1B2}"
EndProject
Project("{FAE04EC0-301F-11D3-BF4B-00C04F79EFBC}") = "ThuchanhWS", "ThuchanhWS\ThuchanhWS.csproj", "{00E35C34-0BAB-46ED-93B1-249E76A194BC}"
EndProject
Project("{FAE04EC0-301F-11D3-BF4B-00C04F79EFBC}") = "CSDL", "CSDL\CSDL.csproj", "{E1B0BC4B-A062-4A9E-9318-44F6CB6742E6}"
EndProject
Global
	GlobalSection(SolutionConfigurationPlatforms) = preSolution
		Debug|Any CPU = Debug|Any CPU
		Release|Any CPU = Release|Any CPU
	EndGlobalSection
	GlobalSection(ProjectConfigurationPlatforms) = postSolution
		{82FC3CEA-13A7-4C71-ABF2-A1EB4DC1D07F}.Debug|Any CPU.ActiveCfg = Debug|Any CPU
		{82FC3CEA-13A7-4C71-ABF2-A1EB4DC1D07F}.Debug|Any CPU.Build.0 = Debug|Any CPU
		{82FC3CEA-13A7-4C71-ABF2-A1EB4DC1D07F}.Release|Any CPU.ActiveCfg = Release|Any CPU
		{82FC3CEA-13A7-4C71-ABF2-A1EB4DC1D07F}.Release|Any CPU.Build.0 = Release|Any CPU
		{F35516BE-BD4B-4505-B34A-BC6141713606}.Debug|Any CPU.ActiveCfg = Debug|Any CPU
		{F35516BE-BD4B-4505-B34A-BC6141713606}.Debug|Any CPU.Build.0 = Debug|Any CPU
		{F35516BE-BD4B-4505-B34A-BC6141713606}.Release|Any CPU.ActiveCfg = Release|Any CPU
		{F35516BE-BD4B-4505-B34A-BC6141713606}.Release|Any CPU.Build.0 = Release|Any CPU
		{656C4148-8361-4D72-BDBD-CC6671845A1F}.Debug|Any CPU.ActiveCfg = Debug|Any CPU
		{656C4148-8361-4D72-BDBD-CC6671845A1F}.Debug|Any CPU.Build.0 = Debug|Any CPU
		{656C4148-8361-4D72-BDBD-CC6671845A1F}.Release|Any CPU.ActiveCfg = Release|Any CPU
		{656C4148-8361-4D72-BDBD-CC6671845A1F}.Release|Any CPU.Build.0 = Release|Any CPU
		{A0878267-EA58-41BA-8658-486B45DAB1B2}.Debug|Any CPU.ActiveCfg = Debug|Any CPU
		{A0878267-EA58-41BA-8658-486B45DAB1B2}.Debug|Any CPU.Build.0 = Debug|Any CPU
		{A0878267-EA58-41BA-8658-486B45DAB1B2}.Release|Any CPU.ActiveCfg = Release|Any CPU
		{A0878267-EA58-41BA-8658-486B45DAB1B2}.Release|Any CPU.Build.0 = Release|Any CPU
		{00E35C34-0BAB-46ED-93B1-249E76A194BC}.Debug|Any CPU.ActiveCfg = Debug|Any CPU
		{00E35C34-0BAB-46ED-93B1-249E76A194BC}.Debug|Any CPU.Build.0 = Debug|Any CPU
		{00E35C34-0BAB-46ED-93B1-249E76A194BC}.Release|Any CPU.ActiveCfg = Release|Any CPU
		{00E35C34-0BAB-46ED-93B1-249E76A194BC}.Release|Any CPU.Build.0 = Release|Any CPU
		{E1B0BC4B-A062-4A9E-9318-44F6CB6742E6}.Debug|Any CPU.ActiveCfg = Debug|Any CPU
		{E1B0BC4B-A062-4A9E-9318-44F6CB6742E6}.Debug|Any CPU.Build.0 = Debug|Any CPU
		{E1B0BC4B-A062-4A9E-9318-44F6CB6742E6}.Release|Any CPU.ActiveCfg = Release|Any CPU
		{E1B0BC4B-A062-4A9E-9318-44F6CB6742E6}.Release|Any CPU.Build.0 = Release|Any CPU
	EndGlobalSection
	GlobalSection(SolutionProperties) = preSolution
		HideSolutionNode = FALSE
	EndGlobalSection
	GlobalSection(ExtensibilityGlobals) = postSolution
		SolutionGuid = {EDD53639-041D-4B5C-BD4F-0982D20C3B0F}
	EndGlobalSection
EndGlobal
